
Microsoft Visual Studio Solution File, Format Version 12.00
# Visual Studio 15
VisualStudioVersion = 15.0.28307.645
MinimumVisualStudioVersion = 10.0.40219.1
Project("{8BC9CEB8-8B4A-11D0-8D11-00A0C91BC942}") = "ProjectBahn", "ProjectBahn\ProjectBahn.vcxproj", "{BEE53769-3B4A-445F-92FD-894FE012B698}"
EndProject
Global
	GlobalSection(SolutionConfigurationPlatforms) = preSolution
		Debug|x64 = Debug|x64
		Debug|x86 = Debug|x86
		Release|x64 = Release|x64
		Release|x86 = Release|x86
	EndGlobalSection
	GlobalSection(ProjectConfigurationPlatforms) = postSolution
		{BEE53769-3B4A-445F-92FD-894FE012B698}.Debug|x64.ActiveCfg = Debug|x64
		{BEE53769-3B4A-445F-92FD-894FE012B698}.Debug|x64.Build.0 = Debug|x64
		{BEE53769-3B4A-445F-92FD-894FE012B698}.Debug|x86.ActiveCfg = Debug|Win32
		{BEE53769-3B4A-445F-92FD-894FE012B698}.Debug|x86.Build.0 = Debug|Win32
		{BEE53769-3B4A-445F-92FD-894FE012B698}.Release|x64.ActiveCfg = Release|x64
		{BEE53769-3B4A-445F-92FD-894FE012B698}.Release|x64.Build.0 = Release|x64
		{BEE53769-3B4A-445F-92FD-894FE012B698}.Release|x86.ActiveCfg = Release|Win32
		{BEE53769-3B4A-445F-92FD-894FE012B698}.Release|x86.Build.0 = Release|Win32
	EndGlobalSection
	GlobalSection(SolutionProperties) = preSolution
		HideSolutionNode = FALSE
	EndGlobalSection
	GlobalSection(ExtensibilityGlobals) = postSolution
		SolutionGuid = {979BFCDF-CA04-4473-9058-715B57573365}
	EndGlobalSection
EndGlobal
